{
  "name": "Skelly",
  "version": "1.0.0",
  "lockfileVersion": 1,
  "requires": true,
  "dependencies": {
    "basicscroll": {
      "version": "2.1.0",
      "resolved": "https://registry.npmjs.org/basicscroll/-/basicscroll-2.1.0.tgz",
      "integrity": "sha512-OoOQI6/EmayzQKy3AwRHQlzCp50A01QA29oUi9LajWI2NxAGCLg5ikZC4MuqdOxMedH1TgoRHKVbxnxkXiOYnw==",
      "requires": {
        "eases": "1.0.8",
        "lodash.clonedeep": "4.5.0",
        "parse-unit": "1.0.1"
      }
    },
    "eases": {
      "version": "1.0.8",
      "resolved": "https://registry.npmjs.org/eases/-/eases-1.0.8.tgz",
      "integrity": "sha1-8fUGmmtu0upRD5xhEDmNY+/pruY="
    },
    "jquery": {
      "version": "2.2.4",
      "resolved": "https://registry.npmjs.org/jquery/-/jquery-2.2.4.tgz",
      "integrity": "sha1-LInWiJterFIqfuoywUUhVZxsvwI="
    },
    "lodash.clonedeep": {
      "version": "4.5.0",
      "resolved": "https://registry.npmjs.org/lodash.clonedeep/-/lodash.clonedeep-4.5.0.tgz",
      "integrity": "sha1-4j8/nE+Pvd6HJSnBBxhXoIblzO8="
    },
    "parse-unit": {
      "version": "1.0.1",
      "resolved": "https://registry.npmjs.org/parse-unit/-/parse-unit-1.0.1.tgz",
      "integrity": "sha1-fhu21b7zh0wo45JSaiVBFwKR7s8="
    }
  }
}
